
Microsoft Visual Studio Solution File, Format Version 12.00
# Visual Studio 14
VisualStudioVersion = 14.0.25123.0
MinimumVisualStudioVersion = 10.0.40219.1
Project("{FAE04EC0-301F-11D3-BF4B-00C04F79EFBC}") = "Exercise2", "Exercise2\Exercise2.csproj", "{C7BCD584-A09E-4321-9E6E-2B057000F6F0}"
EndProject
Project("{2150E333-8FDC-42A3-9474-1A3956D46DE8}") = "PublishScripts", "PublishScripts", "{BCDEE068-8DD0-472D-9978-CEBBF851ED7F}"
EndProject
Project("{2150E333-8FDC-42A3-9474-1A3956D46DE8}") = "Scripts", "Scripts", "{98777E42-C07E-466C-BEA0-774320A2884F}"
	ProjectSection(SolutionItems) = preProject
		PublishScripts\Scripts\Deploy-AzureResourceGroup.ps1 = PublishScripts\Scripts\Deploy-AzureResourceGroup.ps1
	EndProjectSection
EndProject
Project("{2150E333-8FDC-42A3-9474-1A3956D46DE8}") = "Templates", "Templates", "{E19C62FA-0314-4A61-A1B1-C443318B7CE2}"
	ProjectSection(SolutionItems) = preProject
		PublishScripts\Templates\Exercise2.json = PublishScripts\Templates\Exercise2.json
		PublishScripts\Templates\Exercise2.param.dev.json = PublishScripts\Templates\Exercise2.param.dev.json
	EndProjectSection
EndProject
Global
	GlobalSection(SolutionConfigurationPlatforms) = preSolution
		Debug|Any CPU = Debug|Any CPU
		Release|Any CPU = Release|Any CPU
	EndGlobalSection
	GlobalSection(ProjectConfigurationPlatforms) = postSolution
		{C7BCD584-A09E-4321-9E6E-2B057000F6F0}.Debug|Any CPU.ActiveCfg = Debug|Any CPU
		{C7BCD584-A09E-4321-9E6E-2B057000F6F0}.Debug|Any CPU.Build.0 = Debug|Any CPU
		{C7BCD584-A09E-4321-9E6E-2B057000F6F0}.Release|Any CPU.ActiveCfg = Release|Any CPU
		{C7BCD584-A09E-4321-9E6E-2B057000F6F0}.Release|Any CPU.Build.0 = Release|Any CPU
	EndGlobalSection
	GlobalSection(SolutionProperties) = preSolution
		HideSolutionNode = FALSE
	EndGlobalSection
	GlobalSection(NestedProjects) = preSolution
		{98777E42-C07E-466C-BEA0-774320A2884F} = {BCDEE068-8DD0-472D-9978-CEBBF851ED7F}
		{E19C62FA-0314-4A61-A1B1-C443318B7CE2} = {BCDEE068-8DD0-472D-9978-CEBBF851ED7F}
	EndGlobalSection
EndGlobal
